
Microsoft Visual Studio Solution File, Format Version 12.00
# Visual Studio 15
VisualStudioVersion = 15.0.28307.106
MinimumVisualStudioVersion = 10.0.40219.1
Project("{FAE04EC0-301F-11D3-BF4B-00C04F79EFBC}") = "SendGridEmailApplication", "SendGridEmailApplication\SendGridEmailApplication.csproj", "{6F15424C-CFD4-45C7-AEEB-EA2F7F3F1049}"
EndProject
Project("{FAE04EC0-301F-11D3-BF4B-00C04F79EFBC}") = "SendGridEmailApplication.Tests", "SendGridEmailApplication.Tests\SendGridEmailApplication.Tests.csproj", "{D46EB64F-CA1B-4D31-8891-FDAA30369356}"
EndProject
Global
	GlobalSection(SolutionConfigurationPlatforms) = preSolution
		Debug|Any CPU = Debug|Any CPU
		Release|Any CPU = Release|Any CPU
	EndGlobalSection
	GlobalSection(ProjectConfigurationPlatforms) = postSolution
		{6F15424C-CFD4-45C7-AEEB-EA2F7F3F1049}.Debug|Any CPU.ActiveCfg = Debug|Any CPU
		{6F15424C-CFD4-45C7-AEEB-EA2F7F3F1049}.Debug|Any CPU.Build.0 = Debug|Any CPU
		{6F15424C-CFD4-45C7-AEEB-EA2F7F3F1049}.Release|Any CPU.ActiveCfg = Release|Any CPU
		{6F15424C-CFD4-45C7-AEEB-EA2F7F3F1049}.Release|Any CPU.Build.0 = Release|Any CPU
		{D46EB64F-CA1B-4D31-8891-FDAA30369356}.Debug|Any CPU.ActiveCfg = Debug|Any CPU
		{D46EB64F-CA1B-4D31-8891-FDAA30369356}.Debug|Any CPU.Build.0 = Debug|Any CPU
		{D46EB64F-CA1B-4D31-8891-FDAA30369356}.Release|Any CPU.ActiveCfg = Release|Any CPU
		{D46EB64F-CA1B-4D31-8891-FDAA30369356}.Release|Any CPU.Build.0 = Release|Any CPU
	EndGlobalSection
	GlobalSection(SolutionProperties) = preSolution
		HideSolutionNode = FALSE
	EndGlobalSection
	GlobalSection(ExtensibilityGlobals) = postSolution
		SolutionGuid = {929602CF-08C2-4AF8-BDFE-82A688BCCC02}
	EndGlobalSection
EndGlobal
